
Microsoft Visual Studio Solution File, Format Version 12.00
# Visual Studio Version 16
VisualStudioVersion = 16.0.30907.101
MinimumVisualStudioVersion = 10.0.40219.1
Project("{FAE04EC0-301F-11D3-BF4B-00C04F79EFBC}") = "YouTubeLiveMagic8Ball", "YouTubeLiveMagic8Ball\YouTubeLiveMagic8Ball.csproj", "{2CE0A217-D48C-46C1-A290-6818349EBB40}"
EndProject
Global
	GlobalSection(SolutionConfigurationPlatforms) = preSolution
		Debug|Any CPU = Debug|Any CPU
		Release|Any CPU = Release|Any CPU
	EndGlobalSection
	GlobalSection(ProjectConfigurationPlatforms) = postSolution
		{2CE0A217-D48C-46C1-A290-6818349EBB40}.Debug|Any CPU.ActiveCfg = Debug|Any CPU
		{2CE0A217-D48C-46C1-A290-6818349EBB40}.Debug|Any CPU.Build.0 = Debug|Any CPU
		{2CE0A217-D48C-46C1-A290-6818349EBB40}.Release|Any CPU.ActiveCfg = Release|Any CPU
		{2CE0A217-D48C-46C1-A290-6818349EBB40}.Release|Any CPU.Build.0 = Release|Any CPU
	EndGlobalSection
	GlobalSection(SolutionProperties) = preSolution
		HideSolutionNode = FALSE
	EndGlobalSection
	GlobalSection(ExtensibilityGlobals) = postSolution
		SolutionGuid = {C656439A-CE40-4DCA-A0A5-3A5C65EB99FC}
	EndGlobalSection
EndGlobal
